
Microsoft Visual Studio Solution File, Format Version 12.00
# Visual Studio 15
VisualStudioVersion = 15.0.28307.421
MinimumVisualStudioVersion = 10.0.40219.1
Project("{FAE04EC0-301F-11D3-BF4B-00C04F79EFBC}") = "StorageProject", "StorageProject\StorageProject.csproj", "{81511C38-5C2E-43E2-8D2A-E534B0F5FABD}"
EndProject
Global
	GlobalSection(SolutionConfigurationPlatforms) = preSolution
		Debug|Any CPU = Debug|Any CPU
		Release|Any CPU = Release|Any CPU
	EndGlobalSection
	GlobalSection(ProjectConfigurationPlatforms) = postSolution
		{81511C38-5C2E-43E2-8D2A-E534B0F5FABD}.Debug|Any CPU.ActiveCfg = Debug|Any CPU
		{81511C38-5C2E-43E2-8D2A-E534B0F5FABD}.Debug|Any CPU.Build.0 = Debug|Any CPU
		{81511C38-5C2E-43E2-8D2A-E534B0F5FABD}.Release|Any CPU.ActiveCfg = Release|Any CPU
		{81511C38-5C2E-43E2-8D2A-E534B0F5FABD}.Release|Any CPU.Build.0 = Release|Any CPU
	EndGlobalSection
	GlobalSection(SolutionProperties) = preSolution
		HideSolutionNode = FALSE
	EndGlobalSection
	GlobalSection(ExtensibilityGlobals) = postSolution
		SolutionGuid = {1B62F4EC-0F90-4A17-8018-2BE8BB7F9061}
	EndGlobalSection
EndGlobal
